
Microsoft Visual Studio Solution File, Format Version 12.00
# Visual Studio Version 16
VisualStudioVersion = 16.0.29911.84
MinimumVisualStudioVersion = 10.0.40219.1
Project("{FAE04EC0-301F-11D3-BF4B-00C04F79EFBC}") = "APIDemo", "APIDemo\APIDemo.csproj", "{3C4A0BE1-9342-4988-A48C-597F3B74D3BC}"
EndProject
Global
	GlobalSection(SolutionConfigurationPlatforms) = preSolution
		Debug|Any CPU = Debug|Any CPU
		Release|Any CPU = Release|Any CPU
	EndGlobalSection
	GlobalSection(ProjectConfigurationPlatforms) = postSolution
		{3C4A0BE1-9342-4988-A48C-597F3B74D3BC}.Debug|Any CPU.ActiveCfg = Debug|Any CPU
		{3C4A0BE1-9342-4988-A48C-597F3B74D3BC}.Debug|Any CPU.Build.0 = Debug|Any CPU
		{3C4A0BE1-9342-4988-A48C-597F3B74D3BC}.Release|Any CPU.ActiveCfg = Release|Any CPU
		{3C4A0BE1-9342-4988-A48C-597F3B74D3BC}.Release|Any CPU.Build.0 = Release|Any CPU
	EndGlobalSection
	GlobalSection(SolutionProperties) = preSolution
		HideSolutionNode = FALSE
	EndGlobalSection
	GlobalSection(ExtensibilityGlobals) = postSolution
		SolutionGuid = {02139E45-901D-4A96-85BF-2AB2A4F52403}
	EndGlobalSection
EndGlobal
